
Microsoft Visual Studio Solution File, Format Version 12.00
# Visual Studio 15
VisualStudioVersion = 15.0.27703.2035
MinimumVisualStudioVersion = 10.0.40219.1
Project("{9A19103F-16F7-4668-BE54-9A1E7A4F7556}") = "SignalRChat", "SignalRChat\SignalRChat.csproj", "{9EBA4FA6-8D09-4BD0-9BD1-749FC304A9FC}"
EndProject
Project("{FAE04EC0-301F-11D3-BF4B-00C04F79EFBC}") = "Consola", "Consola\Consola.csproj", "{EFB5218A-8389-481F-9D6C-B6D231776912}"
EndProject
Global
	GlobalSection(SolutionConfigurationPlatforms) = preSolution
		Debug|Any CPU = Debug|Any CPU
		Release|Any CPU = Release|Any CPU
	EndGlobalSection
	GlobalSection(ProjectConfigurationPlatforms) = postSolution
		{9EBA4FA6-8D09-4BD0-9BD1-749FC304A9FC}.Debug|Any CPU.ActiveCfg = Debug|Any CPU
		{9EBA4FA6-8D09-4BD0-9BD1-749FC304A9FC}.Debug|Any CPU.Build.0 = Debug|Any CPU
		{9EBA4FA6-8D09-4BD0-9BD1-749FC304A9FC}.Release|Any CPU.ActiveCfg = Release|Any CPU
		{9EBA4FA6-8D09-4BD0-9BD1-749FC304A9FC}.Release|Any CPU.Build.0 = Release|Any CPU
		{EFB5218A-8389-481F-9D6C-B6D231776912}.Debug|Any CPU.ActiveCfg = Debug|Any CPU
		{EFB5218A-8389-481F-9D6C-B6D231776912}.Debug|Any CPU.Build.0 = Debug|Any CPU
		{EFB5218A-8389-481F-9D6C-B6D231776912}.Release|Any CPU.ActiveCfg = Release|Any CPU
		{EFB5218A-8389-481F-9D6C-B6D231776912}.Release|Any CPU.Build.0 = Release|Any CPU
	EndGlobalSection
	GlobalSection(SolutionProperties) = preSolution
		HideSolutionNode = FALSE
	EndGlobalSection
	GlobalSection(ExtensibilityGlobals) = postSolution
		SolutionGuid = {AB74FEF7-C298-46AB-A987-1D3C437D1F7F}
	EndGlobalSection
EndGlobal
