
Microsoft Visual Studio Solution File, Format Version 12.00
# Visual Studio 15
VisualStudioVersion = 15.0.27703.2035
MinimumVisualStudioVersion = 10.0.40219.1
Project("{FAE04EC0-301F-11D3-BF4B-00C04F79EFBC}") = "ReactApp", "WebApplication1\ReactApp.csproj", "{8C14414F-35E8-41A8-A9A0-E23399501E4A}"
EndProject
Global
	GlobalSection(SolutionConfigurationPlatforms) = preSolution
		Debug|Any CPU = Debug|Any CPU
		Release|Any CPU = Release|Any CPU
	EndGlobalSection
	GlobalSection(ProjectConfigurationPlatforms) = postSolution
		{8C14414F-35E8-41A8-A9A0-E23399501E4A}.Debug|Any CPU.ActiveCfg = Debug|Any CPU
		{8C14414F-35E8-41A8-A9A0-E23399501E4A}.Debug|Any CPU.Build.0 = Debug|Any CPU
		{8C14414F-35E8-41A8-A9A0-E23399501E4A}.Release|Any CPU.ActiveCfg = Release|Any CPU
		{8C14414F-35E8-41A8-A9A0-E23399501E4A}.Release|Any CPU.Build.0 = Release|Any CPU
	EndGlobalSection
	GlobalSection(SolutionProperties) = preSolution
		HideSolutionNode = FALSE
	EndGlobalSection
	GlobalSection(ExtensibilityGlobals) = postSolution
		SolutionGuid = {3E005079-86D9-4DCA-AA33-321BAFA8E3BA}
	EndGlobalSection
EndGlobal
