
Microsoft Visual Studio Solution File, Format Version 12.00
# Visual Studio 15
VisualStudioVersion = 15.0.27703.2026
MinimumVisualStudioVersion = 10.0.40219.1
Project("{FAE04EC0-301F-11D3-BF4B-00C04F79EFBC}") = "CoreApp", "CoreApp\CoreApp.csproj", "{1D275C44-8430-464E-91C9-734A4A0697AB}"
EndProject
Project("{FAE04EC0-301F-11D3-BF4B-00C04F79EFBC}") = "CoreMVC", "CoreMVC\CoreMVC.csproj", "{E9BBF051-785B-42CE-97B7-0ECE4B84C257}"
EndProject
Global
	GlobalSection(SolutionConfigurationPlatforms) = preSolution
		Debug|Any CPU = Debug|Any CPU
		Release|Any CPU = Release|Any CPU
	EndGlobalSection
	GlobalSection(ProjectConfigurationPlatforms) = postSolution
		{1D275C44-8430-464E-91C9-734A4A0697AB}.Debug|Any CPU.ActiveCfg = Debug|Any CPU
		{1D275C44-8430-464E-91C9-734A4A0697AB}.Debug|Any CPU.Build.0 = Debug|Any CPU
		{1D275C44-8430-464E-91C9-734A4A0697AB}.Release|Any CPU.ActiveCfg = Release|Any CPU
		{1D275C44-8430-464E-91C9-734A4A0697AB}.Release|Any CPU.Build.0 = Release|Any CPU
		{E9BBF051-785B-42CE-97B7-0ECE4B84C257}.Debug|Any CPU.ActiveCfg = Debug|Any CPU
		{E9BBF051-785B-42CE-97B7-0ECE4B84C257}.Debug|Any CPU.Build.0 = Debug|Any CPU
		{E9BBF051-785B-42CE-97B7-0ECE4B84C257}.Release|Any CPU.ActiveCfg = Release|Any CPU
		{E9BBF051-785B-42CE-97B7-0ECE4B84C257}.Release|Any CPU.Build.0 = Release|Any CPU
	EndGlobalSection
	GlobalSection(SolutionProperties) = preSolution
		HideSolutionNode = FALSE
	EndGlobalSection
	GlobalSection(ExtensibilityGlobals) = postSolution
		SolutionGuid = {F9DC7D9A-E44B-496D-A100-1744B4C9B429}
	EndGlobalSection
EndGlobal
