
Microsoft Visual Studio Solution File, Format Version 12.00
# Visual Studio 15
VisualStudioVersion = 15.0.28010.2036
MinimumVisualStudioVersion = 10.0.40219.1
Project("{FAE04EC0-301F-11D3-BF4B-00C04F79EFBC}") = "PublishTest", "PublishTest\PublishTest.csproj", "{A290C8E0-605E-40B2-9FDF-CDEDB0F366CA}"
EndProject
Global
	GlobalSection(SolutionConfigurationPlatforms) = preSolution
		Debug|Any CPU = Debug|Any CPU
		Release|Any CPU = Release|Any CPU
	EndGlobalSection
	GlobalSection(ProjectConfigurationPlatforms) = postSolution
		{A290C8E0-605E-40B2-9FDF-CDEDB0F366CA}.Debug|Any CPU.ActiveCfg = Debug|Any CPU
		{A290C8E0-605E-40B2-9FDF-CDEDB0F366CA}.Debug|Any CPU.Build.0 = Debug|Any CPU
		{A290C8E0-605E-40B2-9FDF-CDEDB0F366CA}.Release|Any CPU.ActiveCfg = Release|Any CPU
		{A290C8E0-605E-40B2-9FDF-CDEDB0F366CA}.Release|Any CPU.Build.0 = Release|Any CPU
	EndGlobalSection
	GlobalSection(SolutionProperties) = preSolution
		HideSolutionNode = FALSE
	EndGlobalSection
	GlobalSection(ExtensibilityGlobals) = postSolution
		SolutionGuid = {64FC76A4-7747-4894-962D-A71CFCA29168}
	EndGlobalSection
EndGlobal
