
Microsoft Visual Studio Solution File, Format Version 12.00
# Visual Studio 15
VisualStudioVersion = 15.0.27703.2035
MinimumVisualStudioVersion = 10.0.40219.1
Project("{FAE04EC0-301F-11D3-BF4B-00C04F79EFBC}") = "Api", "Api\Api.csproj", "{1B7D7FAD-C703-430D-BCA5-C8B28E4CD7DD}"
EndProject
Project("{FAE04EC0-301F-11D3-BF4B-00C04F79EFBC}") = "Token", "Token\Token.csproj", "{F536087A-941F-4AE1-BE17-3FADCBA639E9}"
EndProject
Global
	GlobalSection(SolutionConfigurationPlatforms) = preSolution
		Debug|Any CPU = Debug|Any CPU
		Release|Any CPU = Release|Any CPU
	EndGlobalSection
	GlobalSection(ProjectConfigurationPlatforms) = postSolution
		{1B7D7FAD-C703-430D-BCA5-C8B28E4CD7DD}.Debug|Any CPU.ActiveCfg = Debug|Any CPU
		{1B7D7FAD-C703-430D-BCA5-C8B28E4CD7DD}.Debug|Any CPU.Build.0 = Debug|Any CPU
		{1B7D7FAD-C703-430D-BCA5-C8B28E4CD7DD}.Release|Any CPU.ActiveCfg = Release|Any CPU
		{1B7D7FAD-C703-430D-BCA5-C8B28E4CD7DD}.Release|Any CPU.Build.0 = Release|Any CPU
		{F536087A-941F-4AE1-BE17-3FADCBA639E9}.Debug|Any CPU.ActiveCfg = Debug|Any CPU
		{F536087A-941F-4AE1-BE17-3FADCBA639E9}.Debug|Any CPU.Build.0 = Debug|Any CPU
		{F536087A-941F-4AE1-BE17-3FADCBA639E9}.Release|Any CPU.ActiveCfg = Release|Any CPU
		{F536087A-941F-4AE1-BE17-3FADCBA639E9}.Release|Any CPU.Build.0 = Release|Any CPU
	EndGlobalSection
	GlobalSection(SolutionProperties) = preSolution
		HideSolutionNode = FALSE
	EndGlobalSection
	GlobalSection(ExtensibilityGlobals) = postSolution
		SolutionGuid = {F57320D3-2C16-423A-A9C1-D7E468F95606}
	EndGlobalSection
EndGlobal
